
Microsoft Visual Studio Solution File, Format Version 12.00
# Visual Studio Version 17
VisualStudioVersion = 17.0.32014.148
MinimumVisualStudioVersion = 10.0.40219.1
Project("{FAE04EC0-301F-11D3-BF4B-00C04F79EFBC}") = "Ex1.1", "Ex1.1\Ex1.1.csproj", "{DD3F81CC-FC16-4434-9A20-D7D42C8C1F98}"
EndProject
Global
	GlobalSection(SolutionConfigurationPlatforms) = preSolution
		Debug|Any CPU = Debug|Any CPU
		Release|Any CPU = Release|Any CPU
	EndGlobalSection
	GlobalSection(ProjectConfigurationPlatforms) = postSolution
		{DD3F81CC-FC16-4434-9A20-D7D42C8C1F98}.Debug|Any CPU.ActiveCfg = Debug|Any CPU
		{DD3F81CC-FC16-4434-9A20-D7D42C8C1F98}.Debug|Any CPU.Build.0 = Debug|Any CPU
		{DD3F81CC-FC16-4434-9A20-D7D42C8C1F98}.Release|Any CPU.ActiveCfg = Release|Any CPU
		{DD3F81CC-FC16-4434-9A20-D7D42C8C1F98}.Release|Any CPU.Build.0 = Release|Any CPU
	EndGlobalSection
	GlobalSection(SolutionProperties) = preSolution
		HideSolutionNode = FALSE
	EndGlobalSection
	GlobalSection(ExtensibilityGlobals) = postSolution
		SolutionGuid = {2198E594-6B0C-4C5A-BC91-D07C5655D026}
	EndGlobalSection
EndGlobal
